Microsoft Visual Studio Solution File, Format Version 12.00
# Visual Studio Version 17
VisualStudioVersion = 17.0.31903.59
MinimumVisualStudioVersion = 10.0.40219.1
Project("{9A19103F-16F7-4668-BE54-9A1E7A4F7556}") = "Domain", "Domain\Domain.csproj", "{FE609760-2EF5-4E10-B6F4-2FEFC3BBEC26}"
EndProject
Project("{9A19103F-16F7-4668-BE54-9A1E7A4F7556}") = "Persistence", "Persistence\Persistence.csproj", "{5C7B5E94-D10C-4FA2-9AA4-520DFA316561}"
EndProject
Project("{9A19103F-16F7-4668-BE54-9A1E7A4F7556}") = "RecipeStorage", "RecipeStorage\RecipeStorage.csproj", "{CEA059FE-7CFE-40E1-BDCD-563CDA36706C}"
EndProject
Project("{9A19103F-16F7-4668-BE54-9A1E7A4F7556}") = "WebApi", "WebApi\WebApi.csproj", "{2C960502-F6C3-4011-BDF9-54BB136A6356}"
EndProject
Project("{9A19103F-16F7-4668-BE54-9A1E7A4F7556}") = "Exceptions", "Exceptions\Exceptions.csproj", "{60C14D18-B79F-46FB-BE5B-579828BCEF56}"
EndProject
Project("{9A19103F-16F7-4668-BE54-9A1E7A4F7556}") = "Tests", "Tests\Tests.csproj", "{C3681425-E56C-4D23-8388-D6C23285A61F}"
EndProject
Global
	GlobalSection(SolutionConfigurationPlatforms) = preSolution
		Debug|Any CPU = Debug|Any CPU
		Release|Any CPU = Release|Any CPU
	EndGlobalSection
	GlobalSection(ProjectConfigurationPlatforms) = postSolution
		{FE609760-2EF5-4E10-B6F4-2FEFC3BBEC26}.Debug|Any CPU.ActiveCfg = Debug|Any CPU
		{FE609760-2EF5-4E10-B6F4-2FEFC3BBEC26}.Debug|Any CPU.Build.0 = Debug|Any CPU
		{FE609760-2EF5-4E10-B6F4-2FEFC3BBEC26}.Release|Any CPU.ActiveCfg = Release|Any CPU
		{FE609760-2EF5-4E10-B6F4-2FEFC3BBEC26}.Release|Any CPU.Build.0 = Release|Any CPU
		{5C7B5E94-D10C-4FA2-9AA4-520DFA316561}.Debug|Any CPU.ActiveCfg = Debug|Any CPU
		{5C7B5E94-D10C-4FA2-9AA4-520DFA316561}.Debug|Any CPU.Build.0 = Debug|Any CPU
		{5C7B5E94-D10C-4FA2-9AA4-520DFA316561}.Release|Any CPU.ActiveCfg = Release|Any CPU
		{5C7B5E94-D10C-4FA2-9AA4-520DFA316561}.Release|Any CPU.Build.0 = Release|Any CPU
		{CEA059FE-7CFE-40E1-BDCD-563CDA36706C}.Debug|Any CPU.ActiveCfg = Debug|Any CPU
		{CEA059FE-7CFE-40E1-BDCD-563CDA36706C}.Debug|Any CPU.Build.0 = Debug|Any CPU
		{CEA059FE-7CFE-40E1-BDCD-563CDA36706C}.Release|Any CPU.ActiveCfg = Release|Any CPU
		{CEA059FE-7CFE-40E1-BDCD-563CDA36706C}.Release|Any CPU.Build.0 = Release|Any CPU
		{2C960502-F6C3-4011-BDF9-54BB136A6356}.Debug|Any CPU.ActiveCfg = Debug|Any CPU
		{2C960502-F6C3-4011-BDF9-54BB136A6356}.Debug|Any CPU.Build.0 = Debug|Any CPU
		{2C960502-F6C3-4011-BDF9-54BB136A6356}.Release|Any CPU.ActiveCfg = Release|Any CPU
		{2C960502-F6C3-4011-BDF9-54BB136A6356}.Release|Any CPU.Build.0 = Release|Any CPU
		{60C14D18-B79F-46FB-BE5B-579828BCEF56}.Debug|Any CPU.ActiveCfg = Debug|Any CPU
		{60C14D18-B79F-46FB-BE5B-579828BCEF56}.Debug|Any CPU.Build.0 = Debug|Any CPU
		{60C14D18-B79F-46FB-BE5B-579828BCEF56}.Release|Any CPU.ActiveCfg = Release|Any CPU
		{60C14D18-B79F-46FB-BE5B-579828BCEF56}.Release|Any CPU.Build.0 = Release|Any CPU
		{C3681425-E56C-4D23-8388-D6C23285A61F}.Debug|Any CPU.ActiveCfg = Debug|Any CPU
		{C3681425-E56C-4D23-8388-D6C23285A61F}.Debug|Any CPU.Build.0 = Debug|Any CPU
		{C3681425-E56C-4D23-8388-D6C23285A61F}.Release|Any CPU.ActiveCfg = Release|Any CPU
		{C3681425-E56C-4D23-8388-D6C23285A61F}.Release|Any CPU.Build.0 = Release|Any CPU
	EndGlobalSection
	GlobalSection(SolutionProperties) = preSolution
		HideSolutionNode = FALSE
	EndGlobalSection
	GlobalSection(ExtensibilityGlobals) = postSolution
		SolutionGuid = {DAA8A1BA-1113-460A-A72B-E68C4F22225A}
	EndGlobalSection
EndGlobal
