
Microsoft Visual Studio Solution File, Format Version 12.00
# Visual Studio Version 17
VisualStudioVersion = 17.5.002.0
MinimumVisualStudioVersion = 10.0.40219.1
Project("{9A19103F-16F7-4668-BE54-9A1E7A4F7556}") = "Domain", "Domain\Domain.csproj", "{9E6A8250-9621-486E-82CC-97FF7554C206}"
EndProject
Project("{9A19103F-16F7-4668-BE54-9A1E7A4F7556}") = "Persistence", "Persistence\Persistence.csproj", "{0DC44207-E0EB-4C60-BB73-B36D221470E9}"
EndProject
Project("{9A19103F-16F7-4668-BE54-9A1E7A4F7556}") = "WebApi", "WebApi\WebApi.csproj", "{500EBF57-4219-4FD8-B4CB-54D967B6F6AF}"
EndProject
Global
	GlobalSection(SolutionConfigurationPlatforms) = preSolution
		Debug|Any CPU = Debug|Any CPU
		Release|Any CPU = Release|Any CPU
	EndGlobalSection
	GlobalSection(ProjectConfigurationPlatforms) = postSolution
		{9E6A8250-9621-486E-82CC-97FF7554C206}.Debug|Any CPU.ActiveCfg = Debug|Any CPU
		{9E6A8250-9621-486E-82CC-97FF7554C206}.Debug|Any CPU.Build.0 = Debug|Any CPU
		{9E6A8250-9621-486E-82CC-97FF7554C206}.Release|Any CPU.ActiveCfg = Release|Any CPU
		{9E6A8250-9621-486E-82CC-97FF7554C206}.Release|Any CPU.Build.0 = Release|Any CPU
		{0DC44207-E0EB-4C60-BB73-B36D221470E9}.Debug|Any CPU.ActiveCfg = Debug|Any CPU
		{0DC44207-E0EB-4C60-BB73-B36D221470E9}.Debug|Any CPU.Build.0 = Debug|Any CPU
		{0DC44207-E0EB-4C60-BB73-B36D221470E9}.Release|Any CPU.ActiveCfg = Release|Any CPU
		{0DC44207-E0EB-4C60-BB73-B36D221470E9}.Release|Any CPU.Build.0 = Release|Any CPU
		{500EBF57-4219-4FD8-B4CB-54D967B6F6AF}.Debug|Any CPU.ActiveCfg = Debug|Any CPU
		{500EBF57-4219-4FD8-B4CB-54D967B6F6AF}.Debug|Any CPU.Build.0 = Debug|Any CPU
		{500EBF57-4219-4FD8-B4CB-54D967B6F6AF}.Release|Any CPU.ActiveCfg = Release|Any CPU
		{500EBF57-4219-4FD8-B4CB-54D967B6F6AF}.Release|Any CPU.Build.0 = Release|Any CPU
	EndGlobalSection
	GlobalSection(SolutionProperties) = preSolution
		HideSolutionNode = FALSE
	EndGlobalSection
	GlobalSection(ExtensibilityGlobals) = postSolution
		SolutionGuid = {36A4CD43-963E-44D9-8B3B-AA7193F8D78B}
	EndGlobalSection
EndGlobal
